
Microsoft Visual Studio Solution File, Format Version 12.00
# Visual Studio Version 16
VisualStudioVersion = 16.0.31320.298
MinimumVisualStudioVersion = 10.0.40219.1
Project("{9A19103F-16F7-4668-BE54-9A1E7A4F7556}") = "Jellyfin.Vue.WinUI", "Jellyfin.Vue.WinUI\Jellyfin.Vue.WinUI\Jellyfin.Vue.WinUI.csproj", "{074E54F0-E58F-4832-B9E7-9AEFE3629F28}"
EndProject
Project("{C7167F0D-BC9F-4E6E-AFE1-012C56B48DB5}") = "Jellyfin.Vue.WinUI.Package", "Jellyfin.Vue.WinUI\Jellyfin.Vue.WinUI.Package\Jellyfin.Vue.WinUI.Package.wapproj", "{B5A76AD2-F2EB-4D8D-8291-9E3698623E9C}"
EndProject
Global
	GlobalSection(SolutionConfigurationPlatforms) = preSolution
		Debug|arm64 = Debug|arm64
		Debug|x64 = Debug|x64
		Debug|x86 = Debug|x86
		Release|arm64 = Release|arm64
		Release|x64 = Release|x64
		Release|x86 = Release|x86
	EndGlobalSection
	GlobalSection(ProjectConfigurationPlatforms) = postSolution
		{074E54F0-E58F-4832-B9E7-9AEFE3629F28}.Debug|arm64.ActiveCfg = Debug|arm64
		{074E54F0-E58F-4832-B9E7-9AEFE3629F28}.Debug|arm64.Build.0 = Debug|arm64
		{074E54F0-E58F-4832-B9E7-9AEFE3629F28}.Debug|x64.ActiveCfg = Debug|x64
		{074E54F0-E58F-4832-B9E7-9AEFE3629F28}.Debug|x64.Build.0 = Debug|x64
		{074E54F0-E58F-4832-B9E7-9AEFE3629F28}.Debug|x86.ActiveCfg = Debug|x86
		{074E54F0-E58F-4832-B9E7-9AEFE3629F28}.Debug|x86.Build.0 = Debug|x86
		{074E54F0-E58F-4832-B9E7-9AEFE3629F28}.Release|arm64.ActiveCfg = Release|arm64
		{074E54F0-E58F-4832-B9E7-9AEFE3629F28}.Release|arm64.Build.0 = Release|arm64
		{074E54F0-E58F-4832-B9E7-9AEFE3629F28}.Release|x64.ActiveCfg = Release|x64
		{074E54F0-E58F-4832-B9E7-9AEFE3629F28}.Release|x64.Build.0 = Release|x64
		{074E54F0-E58F-4832-B9E7-9AEFE3629F28}.Release|x86.ActiveCfg = Release|x86
		{074E54F0-E58F-4832-B9E7-9AEFE3629F28}.Release|x86.Build.0 = Release|x86
		{B5A76AD2-F2EB-4D8D-8291-9E3698623E9C}.Debug|arm64.ActiveCfg = Debug|arm64
		{B5A76AD2-F2EB-4D8D-8291-9E3698623E9C}.Debug|arm64.Build.0 = Debug|arm64
		{B5A76AD2-F2EB-4D8D-8291-9E3698623E9C}.Debug|arm64.Deploy.0 = Debug|arm64
		{B5A76AD2-F2EB-4D8D-8291-9E3698623E9C}.Debug|x64.ActiveCfg = Debug|x64
		{B5A76AD2-F2EB-4D8D-8291-9E3698623E9C}.Debug|x64.Build.0 = Debug|x64
		{B5A76AD2-F2EB-4D8D-8291-9E3698623E9C}.Debug|x64.Deploy.0 = Debug|x64
		{B5A76AD2-F2EB-4D8D-8291-9E3698623E9C}.Debug|x86.ActiveCfg = Debug|x86
		{B5A76AD2-F2EB-4D8D-8291-9E3698623E9C}.Debug|x86.Build.0 = Debug|x86
		{B5A76AD2-F2EB-4D8D-8291-9E3698623E9C}.Debug|x86.Deploy.0 = Debug|x86
		{B5A76AD2-F2EB-4D8D-8291-9E3698623E9C}.Release|arm64.ActiveCfg = Release|arm64
		{B5A76AD2-F2EB-4D8D-8291-9E3698623E9C}.Release|arm64.Build.0 = Release|arm64
		{B5A76AD2-F2EB-4D8D-8291-9E3698623E9C}.Release|arm64.Deploy.0 = Release|arm64
		{B5A76AD2-F2EB-4D8D-8291-9E3698623E9C}.Release|x64.ActiveCfg = Release|x64
		{B5A76AD2-F2EB-4D8D-8291-9E3698623E9C}.Release|x64.Build.0 = Release|x64
		{B5A76AD2-F2EB-4D8D-8291-9E3698623E9C}.Release|x64.Deploy.0 = Release|x64
		{B5A76AD2-F2EB-4D8D-8291-9E3698623E9C}.Release|x86.ActiveCfg = Release|x86
		{B5A76AD2-F2EB-4D8D-8291-9E3698623E9C}.Release|x86.Build.0 = Release|x86
		{B5A76AD2-F2EB-4D8D-8291-9E3698623E9C}.Release|x86.Deploy.0 = Release|x86
	EndGlobalSection
	GlobalSection(SolutionProperties) = preSolution
		HideSolutionNode = FALSE
	EndGlobalSection
	GlobalSection(ExtensibilityGlobals) = postSolution
		SolutionGuid = {E103075A-325C-4CE4-870F-8C8B4C89DE4A}
	EndGlobalSection
EndGlobal
